
Microsoft Visual Studio Solution File, Format Version 12.00
# Visual Studio Version 17
VisualStudioVersion = 17.10.35013.160
MinimumVisualStudioVersion = 10.0.40219.1
Project("{FAE04EC0-301F-11D3-BF4B-00C04F79EFBC}") = "IT7AStudentAPIConsumerWebAppCS", "IT7AStudentAPIConsumerWebAppCS.csproj", "{3F18ACBD-D68B-48CD-B138-DCA4E98B1C32}"
EndProject
Global
	GlobalSection(SolutionConfigurationPlatforms) = preSolution
		Debug|Any CPU = Debug|Any CPU
		Release|Any CPU = Release|Any CPU
	EndGlobalSection
	GlobalSection(ProjectConfigurationPlatforms) = postSolution
		{3F18ACBD-D68B-48CD-B138-DCA4E98B1C32}.Debug|Any CPU.ActiveCfg = Debug|Any CPU
		{3F18ACBD-D68B-48CD-B138-DCA4E98B1C32}.Debug|Any CPU.Build.0 = Debug|Any CPU
		{3F18ACBD-D68B-48CD-B138-DCA4E98B1C32}.Release|Any CPU.ActiveCfg = Release|Any CPU
		{3F18ACBD-D68B-48CD-B138-DCA4E98B1C32}.Release|Any CPU.Build.0 = Release|Any CPU
	EndGlobalSection
	GlobalSection(SolutionProperties) = preSolution
		HideSolutionNode = FALSE
	EndGlobalSection
	GlobalSection(ExtensibilityGlobals) = postSolution
		SolutionGuid = {80F76880-854D-4D6E-B18D-3A8EC711837E}
	EndGlobalSection
EndGlobal
