
Microsoft Visual Studio Solution File, Format Version 12.00
# Visual Studio Version 17
VisualStudioVersion = 17.10.35013.160
MinimumVisualStudioVersion = 10.0.40219.1
Project("{9A19103F-16F7-4668-BE54-9A1E7A4F7556}") = "IT7BDIDemo", "IT7BDIDemo\IT7BDIDemo.csproj", "{E4F962A6-C7A9-4234-B331-50A6E8B5A486}"
EndProject
Project("{FAE04EC0-301F-11D3-BF4B-00C04F79EFBC}") = "IT7ADIDemoMVCCoreAppCS", "IT7ADIDemoMVCCoreAppCS\IT7ADIDemoMVCCoreAppCS.csproj", "{4A3E0ABE-B2E0-459F-B65E-81C184041FE0}"
EndProject
Global
	GlobalSection(SolutionConfigurationPlatforms) = preSolution
		Debug|Any CPU = Debug|Any CPU
		Release|Any CPU = Release|Any CPU
	EndGlobalSection
	GlobalSection(ProjectConfigurationPlatforms) = postSolution
		{E4F962A6-C7A9-4234-B331-50A6E8B5A486}.Debug|Any CPU.ActiveCfg = Debug|Any CPU
		{E4F962A6-C7A9-4234-B331-50A6E8B5A486}.Debug|Any CPU.Build.0 = Debug|Any CPU
		{E4F962A6-C7A9-4234-B331-50A6E8B5A486}.Release|Any CPU.ActiveCfg = Release|Any CPU
		{E4F962A6-C7A9-4234-B331-50A6E8B5A486}.Release|Any CPU.Build.0 = Release|Any CPU
		{4A3E0ABE-B2E0-459F-B65E-81C184041FE0}.Debug|Any CPU.ActiveCfg = Debug|Any CPU
		{4A3E0ABE-B2E0-459F-B65E-81C184041FE0}.Debug|Any CPU.Build.0 = Debug|Any CPU
		{4A3E0ABE-B2E0-459F-B65E-81C184041FE0}.Release|Any CPU.ActiveCfg = Release|Any CPU
		{4A3E0ABE-B2E0-459F-B65E-81C184041FE0}.Release|Any CPU.Build.0 = Release|Any CPU
	EndGlobalSection
	GlobalSection(SolutionProperties) = preSolution
		HideSolutionNode = FALSE
	EndGlobalSection
	GlobalSection(ExtensibilityGlobals) = postSolution
		SolutionGuid = {BAB75931-1839-420F-A85B-37A6F29E0E16}
	EndGlobalSection
EndGlobal
