
Microsoft Visual Studio Solution File, Format Version 12.00
# Visual Studio Version 17
VisualStudioVersion = 17.10.35013.160
MinimumVisualStudioVersion = 10.0.40219.1
Project("{9A19103F-16F7-4668-BE54-9A1E7A4F7556}") = "DIDemoConAppCS", "DIDemoConAppCS\DIDemoConAppCS.csproj", "{CDB45FB8-4D3F-48BB-BEC3-72DCC2C43CEC}"
EndProject
Project("{FAE04EC0-301F-11D3-BF4B-00C04F79EFBC}") = "IT7BDIDemoMVCCoreWebAPPCS", "IT7BDIDemoMVCCoreWebAPPCS\IT7BDIDemoMVCCoreWebAPPCS.csproj", "{2CCEB4AE-E3F3-4591-B21B-623BF83597C7}"
EndProject
Project("{FAE04EC0-301F-11D3-BF4B-00C04F79EFBC}") = "IT7BDITestClassLibCS", "IT7BDITestClassLibCS\IT7BDITestClassLibCS.csproj", "{A0242038-3A9F-43EE-8A56-84DE38334B31}"
EndProject
Global
	GlobalSection(SolutionConfigurationPlatforms) = preSolution
		Debug|Any CPU = Debug|Any CPU
		Release|Any CPU = Release|Any CPU
	EndGlobalSection
	GlobalSection(ProjectConfigurationPlatforms) = postSolution
		{CDB45FB8-4D3F-48BB-BEC3-72DCC2C43CEC}.Debug|Any CPU.ActiveCfg = Debug|Any CPU
		{CDB45FB8-4D3F-48BB-BEC3-72DCC2C43CEC}.Debug|Any CPU.Build.0 = Debug|Any CPU
		{CDB45FB8-4D3F-48BB-BEC3-72DCC2C43CEC}.Release|Any CPU.ActiveCfg = Release|Any CPU
		{CDB45FB8-4D3F-48BB-BEC3-72DCC2C43CEC}.Release|Any CPU.Build.0 = Release|Any CPU
		{2CCEB4AE-E3F3-4591-B21B-623BF83597C7}.Debug|Any CPU.ActiveCfg = Debug|Any CPU
		{2CCEB4AE-E3F3-4591-B21B-623BF83597C7}.Debug|Any CPU.Build.0 = Debug|Any CPU
		{2CCEB4AE-E3F3-4591-B21B-623BF83597C7}.Release|Any CPU.ActiveCfg = Release|Any CPU
		{2CCEB4AE-E3F3-4591-B21B-623BF83597C7}.Release|Any CPU.Build.0 = Release|Any CPU
		{A0242038-3A9F-43EE-8A56-84DE38334B31}.Debug|Any CPU.ActiveCfg = Debug|Any CPU
		{A0242038-3A9F-43EE-8A56-84DE38334B31}.Debug|Any CPU.Build.0 = Debug|Any CPU
		{A0242038-3A9F-43EE-8A56-84DE38334B31}.Release|Any CPU.ActiveCfg = Release|Any CPU
		{A0242038-3A9F-43EE-8A56-84DE38334B31}.Release|Any CPU.Build.0 = Release|Any CPU
	EndGlobalSection
	GlobalSection(SolutionProperties) = preSolution
		HideSolutionNode = FALSE
	EndGlobalSection
	GlobalSection(ExtensibilityGlobals) = postSolution
		SolutionGuid = {1F171A12-F636-414C-8F83-39972C0F4A03}
	EndGlobalSection
EndGlobal
