
Microsoft Visual Studio Solution File, Format Version 12.00
# Visual Studio Version 17
VisualStudioVersion = 17.10.35013.160
MinimumVisualStudioVersion = 10.0.40219.1
Project("{9A19103F-16F7-4668-BE54-9A1E7A4F7556}") = "IT7B-MVC-Core-WebAPPCS", "IT7B-MVC-Core-WebAPPCS.csproj", "{99BF65EA-2B57-44F8-8CFF-26266B3B3570}"
EndProject
Project("{FAE04EC0-301F-11D3-BF4B-00C04F79EFBC}") = "IT7BDemoWebAPICS", "..\IT7BDemoWebAPICS\IT7BDemoWebAPICS.csproj", "{B38A7184-EFCB-4C1C-9E00-B438CEFBC36B}"
EndProject
Global
	GlobalSection(SolutionConfigurationPlatforms) = preSolution
		Debug|Any CPU = Debug|Any CPU
		Release|Any CPU = Release|Any CPU
	EndGlobalSection
	GlobalSection(ProjectConfigurationPlatforms) = postSolution
		{99BF65EA-2B57-44F8-8CFF-26266B3B3570}.Debug|Any CPU.ActiveCfg = Debug|Any CPU
		{99BF65EA-2B57-44F8-8CFF-26266B3B3570}.Debug|Any CPU.Build.0 = Debug|Any CPU
		{99BF65EA-2B57-44F8-8CFF-26266B3B3570}.Release|Any CPU.ActiveCfg = Release|Any CPU
		{99BF65EA-2B57-44F8-8CFF-26266B3B3570}.Release|Any CPU.Build.0 = Release|Any CPU
		{B38A7184-EFCB-4C1C-9E00-B438CEFBC36B}.Debug|Any CPU.ActiveCfg = Debug|Any CPU
		{B38A7184-EFCB-4C1C-9E00-B438CEFBC36B}.Debug|Any CPU.Build.0 = Debug|Any CPU
		{B38A7184-EFCB-4C1C-9E00-B438CEFBC36B}.Release|Any CPU.ActiveCfg = Release|Any CPU
		{B38A7184-EFCB-4C1C-9E00-B438CEFBC36B}.Release|Any CPU.Build.0 = Release|Any CPU
	EndGlobalSection
	GlobalSection(SolutionProperties) = preSolution
		HideSolutionNode = FALSE
	EndGlobalSection
	GlobalSection(ExtensibilityGlobals) = postSolution
		SolutionGuid = {3B8B3854-BF67-42CE-9D38-2BF927A72612}
	EndGlobalSection
EndGlobal
